// !$*UTF8*$!
{
	archiveVersion = 1;
	classes = {
	};
	objectVersion = 54;
	objects = {

/* Begin PBXBuildFile section */
		417DE40A2D65AC3B004D8B25 /* GraphQLClientSubscriptionMock.swift in Sources */ = {isa = PBXBuildFile; fileRef = 417DE4092D65AC3B004D8B25 /* GraphQLClientSubscriptionMock.swift */; };
		417DE40D2D65B73B004D8B25 /* ApiOperationQueueSpy.swift in Sources */ = {isa = PBXBuildFile; fileRef = 417DE40C2D65B73B004D8B25 /* ApiOperationQueueSpy.swift */; };
		417DE4462D65C045004D8B25 /* GraphQLSubscription.swift in Sources */ = {isa = PBXBuildFile; fileRef = 417DE4422D65BFD0004D8B25 /* GraphQLSubscription.swift */; };
		417DE44D2D6694AB004D8B25 /* ApiOperationQueueSpy.swift in Sources */ = {isa = PBXBuildFile; fileRef = 417DE44C2D6694AB004D8B25 /* ApiOperationQueueSpy.swift */; };
		417DE44F2D669769004D8B25 /* ApiOperationErrorTransformerTests.swift in Sources */ = {isa = PBXBuildFile; fileRef = 417DE44E2D669769004D8B25 /* ApiOperationErrorTransformerTests.swift */; };
		417DE4512D66980A004D8B25 /* GraphQLSubscriptionMock.swift in Sources */ = {isa = PBXBuildFile; fileRef = 417DE4502D66980A004D8B25 /* GraphQLSubscriptionMock.swift */; };
		417DE4532D66A48F004D8B25 /* SudoConfigManagerMock.swift in Sources */ = {isa = PBXBuildFile; fileRef = 417DE4522D66A48F004D8B25 /* SudoConfigManagerMock.swift */; };
		41BD21DA2D75926E00943E9C /* RegisterFederatedIdMutation.swift in Sources */ = {isa = PBXBuildFile; fileRef = 41BD21D92D75926E00943E9C /* RegisterFederatedIdMutation.swift */; };
		41BD21DC2D75927A00943E9C /* NotImplementedQuery.swift in Sources */ = {isa = PBXBuildFile; fileRef = 41BD21DB2D75927A00943E9C /* NotImplementedQuery.swift */; };
		41BD21DD2D75968300943E9C /* RegisterFederatedIdMutation.swift in Sources */ = {isa = PBXBuildFile; fileRef = 41BD21D92D75926E00943E9C /* RegisterFederatedIdMutation.swift */; };
		41BD21DE2D75968500943E9C /* NotImplementedQuery.swift in Sources */ = {isa = PBXBuildFile; fileRef = 41BD21DB2D75927A00943E9C /* NotImplementedQuery.swift */; };
		41D167172D65A9C70043155F /* GraphQLClientMock.swift in Sources */ = {isa = PBXBuildFile; fileRef = 41D167162D65A9C70043155F /* GraphQLClientMock.swift */; };
		AD5769432AC159E80092452E /* SudoApiClientManagerTests.swift in Sources */ = {isa = PBXBuildFile; fileRef = AD5769422AC159E80092452E /* SudoApiClientManagerTests.swift */; };
		D931C7B92342D22700932612 /* AppDelegate.swift in Sources */ = {isa = PBXBuildFile; fileRef = D931C7B82342D22700932612 /* AppDelegate.swift */; };
		D931C7BB2342D22700932612 /* ViewController.swift in Sources */ = {isa = PBXBuildFile; fileRef = D931C7BA2342D22700932612 /* ViewController.swift */; };
		D931C7BE2342D22700932612 /* Main.storyboard in Resources */ = {isa = PBXBuildFile; fileRef = D931C7BC2342D22700932612 /* Main.storyboard */; };
		D931C7C02342D22800932612 /* Assets.xcassets in Resources */ = {isa = PBXBuildFile; fileRef = D931C7BF2342D22800932612 /* Assets.xcassets */; };
		D931C7C32342D22800932612 /* LaunchScreen.storyboard in Resources */ = {isa = PBXBuildFile; fileRef = D931C7C12342D22800932612 /* LaunchScreen.storyboard */; };
		D9971C6722FD299A0077076C /* SudoApiClientTests.swift in Sources */ = {isa = PBXBuildFile; fileRef = D9971C6622FD299A0077076C /* SudoApiClientTests.swift */; };
		D9F16E6E22FD498E0055513F /* SudoApiClientIntegrationTests.swift in Sources */ = {isa = PBXBuildFile; fileRef = D9F16E6D22FD498E0055513F /* SudoApiClientIntegrationTests.swift */; };
		D9FD3DC323D6A2BC00781D80 /* sudoplatformconfig.json in Resources */ = {isa = PBXBuildFile; fileRef = D9FD3DC223D6A2BC00781D80 /* sudoplatformconfig.json */; };
		E2BF3E322D08E3AD00011739 /* SudoApiClient in Frameworks */ = {isa = PBXBuildFile; productRef = E2BF3E312D08E3AD00011739 /* SudoApiClient */; };
		E2BF3E342D08E3B100011739 /* SudoApiClient in Frameworks */ = {isa = PBXBuildFile; productRef = E2BF3E332D08E3B100011739 /* SudoApiClient */; };
/* End PBXBuildFile section */

/* Begin PBXContainerItemProxy section */
		D931C7C82342D22D00932612 /* PBXContainerItemProxy */ = {
			isa = PBXContainerItemProxy;
			containerPortal = D9971C4F22FD299A0077076C /* Project object */;
			proxyType = 1;
			remoteGlobalIDString = D931C7B52342D22700932612;
			remoteInfo = TestApp;
		};
		D9FD3DBF23D6A17300781D80 /* PBXContainerItemProxy */ = {
			isa = PBXContainerItemProxy;
			containerPortal = D9971C4F22FD299A0077076C /* Project object */;
			proxyType = 1;
			remoteGlobalIDString = D931C7B52342D22700932612;
			remoteInfo = TestApp;
		};
/* End PBXContainerItemProxy section */

/* Begin PBXFileReference section */
		415E3A702D6C499C00D89F4D /* DefaultSudoApiClient.swift */ = {isa = PBXFileReference; lastKnownFileType = sourcecode.swift; path = DefaultSudoApiClient.swift; sourceTree = "<group>"; };
		417DE4092D65AC3B004D8B25 /* GraphQLClientSubscriptionMock.swift */ = {isa = PBXFileReference; lastKnownFileType = sourcecode.swift; path = GraphQLClientSubscriptionMock.swift; sourceTree = "<group>"; };
		417DE40C2D65B73B004D8B25 /* ApiOperationQueueSpy.swift */ = {isa = PBXFileReference; lastKnownFileType = sourcecode.swift; path = ApiOperationQueueSpy.swift; sourceTree = "<group>"; };
		417DE4262D65BB08004D8B25 /* GraphQLClient.swift */ = {isa = PBXFileReference; lastKnownFileType = sourcecode.swift; path = GraphQLClient.swift; sourceTree = "<group>"; };
		417DE4292D65BB08004D8B25 /* ApiOperation.swift */ = {isa = PBXFileReference; lastKnownFileType = sourcecode.swift; path = ApiOperation.swift; sourceTree = "<group>"; };
		417DE42A2D65BB08004D8B25 /* ApiOperationError.swift */ = {isa = PBXFileReference; lastKnownFileType = sourcecode.swift; path = ApiOperationError.swift; sourceTree = "<group>"; };
		417DE42B2D65BB08004D8B25 /* ApiOperationErrorTransformer.swift */ = {isa = PBXFileReference; lastKnownFileType = sourcecode.swift; path = ApiOperationErrorTransformer.swift; sourceTree = "<group>"; };
		417DE42C2D65BB08004D8B25 /* ApiOperationQueue.swift */ = {isa = PBXFileReference; lastKnownFileType = sourcecode.swift; path = ApiOperationQueue.swift; sourceTree = "<group>"; };
		417DE42D2D65BB08004D8B25 /* Data+Extensions.swift */ = {isa = PBXFileReference; lastKnownFileType = sourcecode.swift; path = "Data+Extensions.swift"; sourceTree = "<group>"; };
		417DE42E2D65BB08004D8B25 /* DefaultGraphQLClient.swift */ = {isa = PBXFileReference; lastKnownFileType = sourcecode.swift; path = DefaultGraphQLClient.swift; sourceTree = "<group>"; };
		417DE42F2D65BB08004D8B25 /* Info.plist */ = {isa = PBXFileReference; lastKnownFileType = text.plist.xml; path = Info.plist; sourceTree = "<group>"; };
		417DE4302D65BB08004D8B25 /* Logger+Extensions.swift */ = {isa = PBXFileReference; lastKnownFileType = sourcecode.swift; path = "Logger+Extensions.swift"; sourceTree = "<group>"; };
		417DE4312D65BB08004D8B25 /* MutationOperation.swift */ = {isa = PBXFileReference; lastKnownFileType = sourcecode.swift; path = MutationOperation.swift; sourceTree = "<group>"; };
		417DE4322D65BB08004D8B25 /* NSLock+Extensions.swift */ = {isa = PBXFileReference; lastKnownFileType = sourcecode.swift; path = "NSLock+Extensions.swift"; sourceTree = "<group>"; };
		417DE4332D65BB08004D8B25 /* QueryOperation.swift */ = {isa = PBXFileReference; lastKnownFileType = sourcecode.swift; path = QueryOperation.swift; sourceTree = "<group>"; };
		417DE4342D65BB08004D8B25 /* SudoApiClient.h */ = {isa = PBXFileReference; lastKnownFileType = sourcecode.c.h; path = SudoApiClient.h; sourceTree = "<group>"; };
		417DE4352D65BB08004D8B25 /* SudoApiClient.swift */ = {isa = PBXFileReference; lastKnownFileType = sourcecode.swift; path = SudoApiClient.swift; sourceTree = "<group>"; };
		417DE4362D65BB08004D8B25 /* SudoApiClientConfig.swift */ = {isa = PBXFileReference; lastKnownFileType = sourcecode.swift; path = SudoApiClientConfig.swift; sourceTree = "<group>"; };
		417DE4372D65BB08004D8B25 /* SudoApiClientManager.swift */ = {isa = PBXFileReference; lastKnownFileType = sourcecode.swift; path = SudoApiClientManager.swift; sourceTree = "<group>"; };
		417DE4422D65BFD0004D8B25 /* GraphQLSubscription.swift */ = {isa = PBXFileReference; lastKnownFileType = sourcecode.swift; path = GraphQLSubscription.swift; sourceTree = "<group>"; };
		417DE4442D65C01B004D8B25 /* GraphQLClientConnectionState.swift */ = {isa = PBXFileReference; lastKnownFileType = sourcecode.swift; path = GraphQLClientConnectionState.swift; sourceTree = "<group>"; };
		417DE44C2D6694AB004D8B25 /* ApiOperationQueueSpy.swift */ = {isa = PBXFileReference; lastKnownFileType = sourcecode.swift; path = ApiOperationQueueSpy.swift; sourceTree = "<group>"; };
		417DE44E2D669769004D8B25 /* ApiOperationErrorTransformerTests.swift */ = {isa = PBXFileReference; lastKnownFileType = sourcecode.swift; path = ApiOperationErrorTransformerTests.swift; sourceTree = "<group>"; };
		417DE4502D66980A004D8B25 /* GraphQLSubscriptionMock.swift */ = {isa = PBXFileReference; lastKnownFileType = sourcecode.swift; path = GraphQLSubscriptionMock.swift; sourceTree = "<group>"; };
		417DE4522D66A48F004D8B25 /* SudoConfigManagerMock.swift */ = {isa = PBXFileReference; lastKnownFileType = sourcecode.swift; path = SudoConfigManagerMock.swift; sourceTree = "<group>"; };
		418E57122D6EA634006A57FE /* DefaultAmplifyOIDCAuthProvider.swift */ = {isa = PBXFileReference; lastKnownFileType = sourcecode.swift; path = DefaultAmplifyOIDCAuthProvider.swift; sourceTree = "<group>"; };
		418E57132D6EA68C006A57FE /* DefaultAPIAuthProviderFactory.swift */ = {isa = PBXFileReference; lastKnownFileType = sourcecode.swift; path = DefaultAPIAuthProviderFactory.swift; sourceTree = "<group>"; };
		41BD21D52D758F8B00943E9C /* APISwiftGraphQLOperation+Extensions.swift */ = {isa = PBXFileReference; lastKnownFileType = sourcecode.swift; path = "APISwiftGraphQLOperation+Extensions.swift"; sourceTree = "<group>"; };
		41BD21D92D75926E00943E9C /* RegisterFederatedIdMutation.swift */ = {isa = PBXFileReference; lastKnownFileType = sourcecode.swift; path = RegisterFederatedIdMutation.swift; sourceTree = "<group>"; };
		41BD21DB2D75927A00943E9C /* NotImplementedQuery.swift */ = {isa = PBXFileReference; lastKnownFileType = sourcecode.swift; path = NotImplementedQuery.swift; sourceTree = "<group>"; };
		41C4FAC22D757C3300FB60EB /* GraphQL+Extensions.swift */ = {isa = PBXFileReference; lastKnownFileType = sourcecode.swift; path = "GraphQL+Extensions.swift"; sourceTree = "<group>"; };
		41D167162D65A9C70043155F /* GraphQLClientMock.swift */ = {isa = PBXFileReference; lastKnownFileType = sourcecode.swift; path = GraphQLClientMock.swift; sourceTree = "<group>"; };
		AD5769422AC159E80092452E /* SudoApiClientManagerTests.swift */ = {isa = PBXFileReference; fileEncoding = 4; lastKnownFileType = sourcecode.swift; path = SudoApiClientManagerTests.swift; sourceTree = "<group>"; };
		D931C7B62342D22700932612 /* TestApp.app */ = {isa = PBXFileReference; explicitFileType = wrapper.application; includeInIndex = 0; path = TestApp.app; sourceTree = BUILT_PRODUCTS_DIR; };
		D931C7B82342D22700932612 /* AppDelegate.swift */ = {isa = PBXFileReference; lastKnownFileType = sourcecode.swift; path = AppDelegate.swift; sourceTree = "<group>"; };
		D931C7BA2342D22700932612 /* ViewController.swift */ = {isa = PBXFileReference; lastKnownFileType = sourcecode.swift; path = ViewController.swift; sourceTree = "<group>"; };
		D931C7BD2342D22700932612 /* Base */ = {isa = PBXFileReference; lastKnownFileType = file.storyboard; name = Base; path = Base.lproj/Main.storyboard; sourceTree = "<group>"; };
		D931C7BF2342D22800932612 /* Assets.xcassets */ = {isa = PBXFileReference; lastKnownFileType = folder.assetcatalog; path = Assets.xcassets; sourceTree = "<group>"; };
		D931C7C22342D22800932612 /* Base */ = {isa = PBXFileReference; lastKnownFileType = file.storyboard; name = Base; path = Base.lproj/LaunchScreen.storyboard; sourceTree = "<group>"; };
		D931C7C42342D22800932612 /* Info.plist */ = {isa = PBXFileReference; lastKnownFileType = text.plist.xml; path = Info.plist; sourceTree = "<group>"; };
		D9971C6122FD299A0077076C /* SudoApiClientTests.xctest */ = {isa = PBXFileReference; explicitFileType = wrapper.cfbundle; includeInIndex = 0; path = SudoApiClientTests.xctest; sourceTree = BUILT_PRODUCTS_DIR; };
		D9971C6622FD299A0077076C /* SudoApiClientTests.swift */ = {isa = PBXFileReference; lastKnownFileType = sourcecode.swift; path = SudoApiClientTests.swift; sourceTree = "<group>"; };
		D9971C6822FD299A0077076C /* Info.plist */ = {isa = PBXFileReference; lastKnownFileType = text.plist.xml; path = Info.plist; sourceTree = "<group>"; };
		D9F16E6B22FD498E0055513F /* SudoApiClientIntegrationTests.xctest */ = {isa = PBXFileReference; explicitFileType = wrapper.cfbundle; includeInIndex = 0; path = SudoApiClientIntegrationTests.xctest; sourceTree = BUILT_PRODUCTS_DIR; };
		D9F16E6D22FD498E0055513F /* SudoApiClientIntegrationTests.swift */ = {isa = PBXFileReference; lastKnownFileType = sourcecode.swift; path = SudoApiClientIntegrationTests.swift; sourceTree = "<group>"; };
		D9F16E6F22FD498E0055513F /* Info.plist */ = {isa = PBXFileReference; lastKnownFileType = text.plist.xml; path = Info.plist; sourceTree = "<group>"; };
		D9FD3DC223D6A2BC00781D80 /* sudoplatformconfig.json */ = {isa = PBXFileReference; fileEncoding = 4; lastKnownFileType = text.json; path = sudoplatformconfig.json; sourceTree = "<group>"; };
/* End PBXFileReference section */

/* Begin PBXFrameworksBuildPhase section */
		D931C7B32342D22700932612 /* Frameworks */ = {
			isa = PBXFrameworksBuildPhase;
			buildActionMask = 2147483647;
			files = (
			);
			runOnlyForDeploymentPostprocessing = 0;
		};
		D9971C5E22FD299A0077076C /* Frameworks */ = {
			isa = PBXFrameworksBuildPhase;
			buildActionMask = 2147483647;
			files = (
				E2BF3E322D08E3AD00011739 /* SudoApiClient in Frameworks */,
			);
			runOnlyForDeploymentPostprocessing = 0;
		};
		D9F16E6822FD498E0055513F /* Frameworks */ = {
			isa = PBXFrameworksBuildPhase;
			buildActionMask = 2147483647;
			files = (
				E2BF3E342D08E3B100011739 /* SudoApiClient in Frameworks */,
			);
			runOnlyForDeploymentPostprocessing = 0;
		};
/* End PBXFrameworksBuildPhase section */

/* Begin PBXGroup section */
		415E3A6F2D6C498600D89F4D /* Concretes */ = {
			isa = PBXGroup;
			children = (
				415E3A702D6C499C00D89F4D /* DefaultSudoApiClient.swift */,
			);
			path = Concretes;
			sourceTree = "<group>";
		};
		417DE40B2D65B730004D8B25 /* Spies */ = {
			isa = PBXGroup;
			children = (
				417DE40C2D65B73B004D8B25 /* ApiOperationQueueSpy.swift */,
			);
			path = Spies;
			sourceTree = "<group>";
		};
		417DE4252D65BB08004D8B25 /* Internal */ = {
			isa = PBXGroup;
			children = (
				417DE43D2D65BB53004D8B25 /* Extensions */,
				417DE43F2D65BB92004D8B25 /* Operations */,
				417DE43C2D65BB3A004D8B25 /* Utilities */,
			);
			path = Internal;
			sourceTree = "<group>";
		};
		417DE4282D65BB08004D8B25 /* Public */ = {
			isa = PBXGroup;
			children = (
				415E3A6F2D6C498600D89F4D /* Concretes */,
				417DE4392D65BB17004D8B25 /* Entities */,
				417DE4472D65C0B2004D8B25 /* Protocols */,
				417DE43E2D65BB78004D8B25 /* Extensions */,
				417DE43B2D65BB2A004D8B25 /* Utilities */,
				417DE4372D65BB08004D8B25 /* SudoApiClientManager.swift */,
			);
			path = Public;
			sourceTree = "<group>";
		};
		417DE4382D65BB08004D8B25 /* SudoApiClient */ = {
			isa = PBXGroup;
			children = (
				417DE4252D65BB08004D8B25 /* Internal */,
				417DE4282D65BB08004D8B25 /* Public */,
				417DE42F2D65BB08004D8B25 /* Info.plist */,
				417DE4342D65BB08004D8B25 /* SudoApiClient.h */,
			);
			path = SudoApiClient;
			sourceTree = "<group>";
		};
		417DE4392D65BB17004D8B25 /* Entities */ = {
			isa = PBXGroup;
			children = (
				417DE42A2D65BB08004D8B25 /* ApiOperationError.swift */,
				417DE4442D65C01B004D8B25 /* GraphQLClientConnectionState.swift */,
				417DE4362D65BB08004D8B25 /* SudoApiClientConfig.swift */,
			);
			path = Entities;
			sourceTree = "<group>";
		};
		417DE43B2D65BB2A004D8B25 /* Utilities */ = {
			isa = PBXGroup;
			children = (
				417DE4292D65BB08004D8B25 /* ApiOperation.swift */,
				417DE42C2D65BB08004D8B25 /* ApiOperationQueue.swift */,
			);
			path = Utilities;
			sourceTree = "<group>";
		};
		417DE43C2D65BB3A004D8B25 /* Utilities */ = {
			isa = PBXGroup;
			children = (
				417DE42B2D65BB08004D8B25 /* ApiOperationErrorTransformer.swift */,
				417DE42E2D65BB08004D8B25 /* DefaultGraphQLClient.swift */,
				418E57122D6EA634006A57FE /* DefaultAmplifyOIDCAuthProvider.swift */,
				418E57132D6EA68C006A57FE /* DefaultAPIAuthProviderFactory.swift */,
			);
			path = Utilities;
			sourceTree = "<group>";
		};
		417DE43D2D65BB53004D8B25 /* Extensions */ = {
			isa = PBXGroup;
			children = (
				417DE42D2D65BB08004D8B25 /* Data+Extensions.swift */,
				417DE4322D65BB08004D8B25 /* NSLock+Extensions.swift */,
			);
			path = Extensions;
			sourceTree = "<group>";
		};
		417DE43E2D65BB78004D8B25 /* Extensions */ = {
			isa = PBXGroup;
			children = (
				417DE4302D65BB08004D8B25 /* Logger+Extensions.swift */,
				41C4FAC22D757C3300FB60EB /* GraphQL+Extensions.swift */,
				41BD21D52D758F8B00943E9C /* APISwiftGraphQLOperation+Extensions.swift */,
			);
			path = Extensions;
			sourceTree = "<group>";
		};
		417DE43F2D65BB92004D8B25 /* Operations */ = {
			isa = PBXGroup;
			children = (
				417DE4312D65BB08004D8B25 /* MutationOperation.swift */,
				417DE4332D65BB08004D8B25 /* QueryOperation.swift */,
			);
			path = Operations;
			sourceTree = "<group>";
		};
		417DE4472D65C0B2004D8B25 /* Protocols */ = {
			isa = PBXGroup;
			children = (
				417DE4262D65BB08004D8B25 /* GraphQLClient.swift */,
				417DE4422D65BFD0004D8B25 /* GraphQLSubscription.swift */,
				417DE4352D65BB08004D8B25 /* SudoApiClient.swift */,
			);
			path = Protocols;
			sourceTree = "<group>";
		};
		417DE44B2D66949B004D8B25 /* Spies */ = {
			isa = PBXGroup;
			children = (
				417DE44C2D6694AB004D8B25 /* ApiOperationQueueSpy.swift */,
			);
			path = Spies;
			sourceTree = "<group>";
		};
		41BD21D82D75925800943E9C /* Supplementary */ = {
			isa = PBXGroup;
			children = (
				41BD21D92D75926E00943E9C /* RegisterFederatedIdMutation.swift */,
				41BD21DB2D75927A00943E9C /* NotImplementedQuery.swift */,
			);
			path = Supplementary;
			sourceTree = "<group>";
		};
		41D167152D65A9BB0043155F /* Mocks */ = {
			isa = PBXGroup;
			children = (
				41D167162D65A9C70043155F /* GraphQLClientMock.swift */,
				417DE4092D65AC3B004D8B25 /* GraphQLClientSubscriptionMock.swift */,
				417DE4502D66980A004D8B25 /* GraphQLSubscriptionMock.swift */,
				417DE4522D66A48F004D8B25 /* SudoConfigManagerMock.swift */,
			);
			path = Mocks;
			sourceTree = "<group>";
		};
		84CD312B24077E7F007FEC0B /* Tests */ = {
			isa = PBXGroup;
			children = (
				AD5769422AC159E80092452E /* SudoApiClientManagerTests.swift */,
				D9971C6622FD299A0077076C /* SudoApiClientTests.swift */,
				417DE44E2D669769004D8B25 /* ApiOperationErrorTransformerTests.swift */,
			);
			path = Tests;
			sourceTree = "<group>";
		};
		D931C7B72342D22700932612 /* TestApp */ = {
			isa = PBXGroup;
			children = (
				D9FD3DC123D6A27C00781D80 /* Supporting Files */,
				D931C7B82342D22700932612 /* AppDelegate.swift */,
				D9FD3DC223D6A2BC00781D80 /* sudoplatformconfig.json */,
				D931C7BA2342D22700932612 /* ViewController.swift */,
				D931C7BC2342D22700932612 /* Main.storyboard */,
				D931C7BF2342D22800932612 /* Assets.xcassets */,
				D931C7C12342D22800932612 /* LaunchScreen.storyboard */,
				D931C7C42342D22800932612 /* Info.plist */,
			);
			path = TestApp;
			sourceTree = "<group>";
		};
		D9971C4E22FD299A0077076C = {
			isa = PBXGroup;
			children = (
				417DE4382D65BB08004D8B25 /* SudoApiClient */,
				D9971C6522FD299A0077076C /* SudoApiClientTests */,
				D9F16E6C22FD498E0055513F /* SudoApiClientIntegrationTests */,
				D931C7B72342D22700932612 /* TestApp */,
				D9971C5922FD299A0077076C /* Products */,
			);
			sourceTree = "<group>";
		};
		D9971C5922FD299A0077076C /* Products */ = {
			isa = PBXGroup;
			children = (
				D9971C6122FD299A0077076C /* SudoApiClientTests.xctest */,
				D9F16E6B22FD498E0055513F /* SudoApiClientIntegrationTests.xctest */,
				D931C7B62342D22700932612 /* TestApp.app */,
			);
			name = Products;
			sourceTree = "<group>";
		};
		D9971C6522FD299A0077076C /* SudoApiClientTests */ = {
			isa = PBXGroup;
			children = (
				41BD21D82D75925800943E9C /* Supplementary */,
				417DE44B2D66949B004D8B25 /* Spies */,
				41D167152D65A9BB0043155F /* Mocks */,
				84CD312B24077E7F007FEC0B /* Tests */,
				D9971C6822FD299A0077076C /* Info.plist */,
			);
			path = SudoApiClientTests;
			sourceTree = "<group>";
		};
		D9F16E6C22FD498E0055513F /* SudoApiClientIntegrationTests */ = {
			isa = PBXGroup;
			children = (
				417DE40B2D65B730004D8B25 /* Spies */,
				D9F16E6D22FD498E0055513F /* SudoApiClientIntegrationTests.swift */,
				D9F16E6F22FD498E0055513F /* Info.plist */,
			);
			path = SudoApiClientIntegrationTests;
			sourceTree = "<group>";
		};
		D9FD3DC123D6A27C00781D80 /* Supporting Files */ = {
			isa = PBXGroup;
			children = (
			);
			name = "Supporting Files";
			sourceTree = "<group>";
		};
/* End PBXGroup section */

/* Begin PBXNativeTarget section */
		D931C7B52342D22700932612 /* TestApp */ = {
			isa = PBXNativeTarget;
			buildConfigurationList = D931C7C52342D22800932612 /* Build configuration list for PBXNativeTarget "TestApp" */;
			buildPhases = (
				D931C7B22342D22700932612 /* Sources */,
				D931C7B32342D22700932612 /* Frameworks */,
				D931C7B42342D22700932612 /* Resources */,
				D942ADD1268C15F7001CD1B6 /* Copy Config */,
			);
			buildRules = (
			);
			dependencies = (
			);
			name = TestApp;
			productName = TestApp;
			productReference = D931C7B62342D22700932612 /* TestApp.app */;
			productType = "com.apple.product-type.application";
		};
		D9971C6022FD299A0077076C /* SudoApiClientTests */ = {
			isa = PBXNativeTarget;
			buildConfigurationList = D9971C6F22FD299A0077076C /* Build configuration list for PBXNativeTarget "SudoApiClientTests" */;
			buildPhases = (
				D9971C5D22FD299A0077076C /* Sources */,
				D9971C5E22FD299A0077076C /* Frameworks */,
				D9971C5F22FD299A0077076C /* Resources */,
			);
			buildRules = (
			);
			dependencies = (
				D9FD3DC023D6A17300781D80 /* PBXTargetDependency */,
			);
			name = SudoApiClientTests;
			packageProductDependencies = (
				E2BF3E312D08E3AD00011739 /* SudoApiClient */,
			);
			productName = SudoDirectoryClientTests;
			productReference = D9971C6122FD299A0077076C /* SudoApiClientTests.xctest */;
			productType = "com.apple.product-type.bundle.unit-test";
		};
		D9F16E6A22FD498E0055513F /* SudoApiClientIntegrationTests */ = {
			isa = PBXNativeTarget;
			buildConfigurationList = D9F16E7322FD498E0055513F /* Build configuration list for PBXNativeTarget "SudoApiClientIntegrationTests" */;
			buildPhases = (
				D9F16E6722FD498E0055513F /* Sources */,
				D9F16E6822FD498E0055513F /* Frameworks */,
				D9F16E6922FD498E0055513F /* Resources */,
				D931C7B12342D1C200932612 /* Copy Config */,
			);
			buildRules = (
			);
			dependencies = (
				D931C7C92342D22D00932612 /* PBXTargetDependency */,
			);
			name = SudoApiClientIntegrationTests;
			packageProductDependencies = (
				E2BF3E332D08E3B100011739 /* SudoApiClient */,
			);
			productName = SudoDirectoryClientIntegrationTests;
			productReference = D9F16E6B22FD498E0055513F /* SudoApiClientIntegrationTests.xctest */;
			productType = "com.apple.product-type.bundle.unit-test";
		};
/* End PBXNativeTarget section */

/* Begin PBXProject section */
		D9971C4F22FD299A0077076C /* Project object */ = {
			isa = PBXProject;
			attributes = {
				BuildIndependentTargetsInParallel = YES;
				LastSwiftUpdateCheck = 1030;
				LastUpgradeCheck = 1430;
				TargetAttributes = {
					D931C7B52342D22700932612 = {
						CreatedOnToolsVersion = 10.3;
					};
					D9971C6022FD299A0077076C = {
						CreatedOnToolsVersion = 10.3;
						TestTargetID = D931C7B52342D22700932612;
					};
					D9F16E6A22FD498E0055513F = {
						CreatedOnToolsVersion = 10.3;
						TestTargetID = D931C7B52342D22700932612;
					};
				};
			};
			buildConfigurationList = D9971C5222FD299A0077076C /* Build configuration list for PBXProject "SudoApiClient" */;
			compatibilityVersion = "Xcode 9.3";
			developmentRegion = en;
			hasScannedForEncodings = 0;
			knownRegions = (
				en,
				Base,
			);
			mainGroup = D9971C4E22FD299A0077076C;
			productRefGroup = D9971C5922FD299A0077076C /* Products */;
			projectDirPath = "";
			projectRoot = "";
			targets = (
				D9971C6022FD299A0077076C /* SudoApiClientTests */,
				D9F16E6A22FD498E0055513F /* SudoApiClientIntegrationTests */,
				D931C7B52342D22700932612 /* TestApp */,
			);
		};
/* End PBXProject section */

/* Begin PBXResourcesBuildPhase section */
		D931C7B42342D22700932612 /* Resources */ = {
			isa = PBXResourcesBuildPhase;
			buildActionMask = 2147483647;
			files = (
				D931C7C32342D22800932612 /* LaunchScreen.storyboard in Resources */,
				D9FD3DC323D6A2BC00781D80 /* sudoplatformconfig.json in Resources */,
				D931C7C02342D22800932612 /* Assets.xcassets in Resources */,
				D931C7BE2342D22700932612 /* Main.storyboard in Resources */,
			);
			runOnlyForDeploymentPostprocessing = 0;
		};
		D9971C5F22FD299A0077076C /* Resources */ = {
			isa = PBXResourcesBuildPhase;
			buildActionMask = 2147483647;
			files = (
			);
			runOnlyForDeploymentPostprocessing = 0;
		};
		D9F16E6922FD498E0055513F /* Resources */ = {
			isa = PBXResourcesBuildPhase;
			buildActionMask = 2147483647;
			files = (
			);
			runOnlyForDeploymentPostprocessing = 0;
		};
/* End PBXResourcesBuildPhase section */

/* Begin PBXShellScriptBuildPhase section */
		D931C7B12342D1C200932612 /* Copy Config */ = {
			isa = PBXShellScriptBuildPhase;
			buildActionMask = 2147483647;
			files = (
			);
			inputFileListPaths = (
			);
			inputPaths = (
			);
			name = "Copy Config";
			outputFileListPaths = (
			);
			outputPaths = (
			);
			runOnlyForDeploymentPostprocessing = 0;
			shellPath = /bin/sh;
			shellScript = "cp -f config/register_key.id \"${TARGET_BUILD_DIR}/${UNLOCALIZED_RESOURCES_FOLDER_PATH}/\" || :\ncp -f config/register_key.private \"${TARGET_BUILD_DIR}/${UNLOCALIZED_RESOURCES_FOLDER_PATH}/\" || :\ncp -f config/sudoplatformconfig.json \"${TARGET_BUILD_DIR}/${UNLOCALIZED_RESOURCES_FOLDER_PATH}/\" || :\n";
		};
		D942ADD1268C15F7001CD1B6 /* Copy Config */ = {
			isa = PBXShellScriptBuildPhase;
			buildActionMask = 2147483647;
			files = (
			);
			inputFileListPaths = (
			);
			inputPaths = (
			);
			name = "Copy Config";
			outputFileListPaths = (
			);
			outputPaths = (
			);
			runOnlyForDeploymentPostprocessing = 0;
			shellPath = /bin/sh;
			shellScript = "cp -f config/sudoplatformconfig.json \"${TARGET_BUILD_DIR}/${UNLOCALIZED_RESOURCES_FOLDER_PATH}/\" || :\ncp -f config/register_key.id \"${TARGET_BUILD_DIR}/${UNLOCALIZED_RESOURCES_FOLDER_PATH}/\" || :\ncp -f config/register_key.private \"${TARGET_BUILD_DIR}/${UNLOCALIZED_RESOURCES_FOLDER_PATH}/\" || :\n";
		};
/* End PBXShellScriptBuildPhase section */

/* Begin PBXSourcesBuildPhase section */
		D931C7B22342D22700932612 /* Sources */ = {
			isa = PBXSourcesBuildPhase;
			buildActionMask = 2147483647;
			files = (
				D931C7BB2342D22700932612 /* ViewController.swift in Sources */,
				D931C7B92342D22700932612 /* AppDelegate.swift in Sources */,
			);
			runOnlyForDeploymentPostprocessing = 0;
		};
		D9971C5D22FD299A0077076C /* Sources */ = {
			isa = PBXSourcesBuildPhase;
			buildActionMask = 2147483647;
			files = (
				417DE4512D66980A004D8B25 /* GraphQLSubscriptionMock.swift in Sources */,
				AD5769432AC159E80092452E /* SudoApiClientManagerTests.swift in Sources */,
				41BD21DA2D75926E00943E9C /* RegisterFederatedIdMutation.swift in Sources */,
				41BD21DC2D75927A00943E9C /* NotImplementedQuery.swift in Sources */,
				D9971C6722FD299A0077076C /* SudoApiClientTests.swift in Sources */,
				417DE44D2D6694AB004D8B25 /* ApiOperationQueueSpy.swift in Sources */,
				417DE4532D66A48F004D8B25 /* SudoConfigManagerMock.swift in Sources */,
				417DE44F2D669769004D8B25 /* ApiOperationErrorTransformerTests.swift in Sources */,
				417DE40A2D65AC3B004D8B25 /* GraphQLClientSubscriptionMock.swift in Sources */,
				41D167172D65A9C70043155F /* GraphQLClientMock.swift in Sources */,
			);
			runOnlyForDeploymentPostprocessing = 0;
		};
		D9F16E6722FD498E0055513F /* Sources */ = {
			isa = PBXSourcesBuildPhase;
			buildActionMask = 2147483647;
			files = (
				417DE4462D65C045004D8B25 /* GraphQLSubscription.swift in Sources */,
				41BD21DD2D75968300943E9C /* RegisterFederatedIdMutation.swift in Sources */,
				D9F16E6E22FD498E0055513F /* SudoApiClientIntegrationTests.swift in Sources */,
				41BD21DE2D75968500943E9C /* NotImplementedQuery.swift in Sources */,
				417DE40D2D65B73B004D8B25 /* ApiOperationQueueSpy.swift in Sources */,
			);
			runOnlyForDeploymentPostprocessing = 0;
		};
/* End PBXSourcesBuildPhase section */

/* Begin PBXTargetDependency section */
		D931C7C92342D22D00932612 /* PBXTargetDependency */ = {
			isa = PBXTargetDependency;
			target = D931C7B52342D22700932612 /* TestApp */;
			targetProxy = D931C7C82342D22D00932612 /* PBXContainerItemProxy */;
		};
		D9FD3DC023D6A17300781D80 /* PBXTargetDependency */ = {
			isa = PBXTargetDependency;
			target = D931C7B52342D22700932612 /* TestApp */;
			targetProxy = D9FD3DBF23D6A17300781D80 /* PBXContainerItemProxy */;
		};
/* End PBXTargetDependency section */

/* Begin PBXVariantGroup section */
		D931C7BC2342D22700932612 /* Main.storyboard */ = {
			isa = PBXVariantGroup;
			children = (
				D931C7BD2342D22700932612 /* Base */,
			);
			name = Main.storyboard;
			sourceTree = "<group>";
		};
		D931C7C12342D22800932612 /* LaunchScreen.storyboard */ = {
			isa = PBXVariantGroup;
			children = (
				D931C7C22342D22800932612 /* Base */,
			);
			name = LaunchScreen.storyboard;
			sourceTree = "<group>";
		};
/* End PBXVariantGroup section */

/* Begin XCBuildConfiguration section */
		D931C7C62342D22800932612 /* Debug */ = {
			isa = XCBuildConfiguration;
			buildSettings = {
				ASSETCATALOG_COMPILER_APPICON_NAME = AppIcon;
				CODE_SIGN_STYLE = Automatic;
				DEVELOPMENT_TEAM = UU2W43R8JA;
				INFOPLIST_FILE = TestApp/Info.plist;
				LD_RUNPATH_SEARCH_PATHS = (
					"$(inherited)",
					"@executable_path/Frameworks",
				);
				PRODUCT_BUNDLE_IDENTIFIER = com.sudoplatform.TestApp;
				PRODUCT_NAME = "$(TARGET_NAME)";
				TARGETED_DEVICE_FAMILY = "1,2";
			};
			name = Debug;
		};
		D931C7C72342D22800932612 /* Release */ = {
			isa = XCBuildConfiguration;
			buildSettings = {
				ASSETCATALOG_COMPILER_APPICON_NAME = AppIcon;
				CODE_SIGN_STYLE = Automatic;
				DEVELOPMENT_TEAM = UU2W43R8JA;
				INFOPLIST_FILE = TestApp/Info.plist;
				LD_RUNPATH_SEARCH_PATHS = (
					"$(inherited)",
					"@executable_path/Frameworks",
				);
				PRODUCT_BUNDLE_IDENTIFIER = com.sudoplatform.TestApp;
				PRODUCT_NAME = "$(TARGET_NAME)";
				TARGETED_DEVICE_FAMILY = "1,2";
			};
			name = Release;
		};
		D9971C6A22FD299A0077076C /* Debug */ = {
			isa = XCBuildConfiguration;
			buildSettings = {
				ALWAYS_SEARCH_USER_PATHS = NO;
				CLANG_ANALYZER_NONNULL = YES;
				CLANG_ANALYZER_NUMBER_OBJECT_CONVERSION = YES_AGGRESSIVE;
				CLANG_CXX_LANGUAGE_STANDARD = "gnu++14";
				CLANG_CXX_LIBRARY = "libc++";
				CLANG_ENABLE_MODULES = YES;
				CLANG_ENABLE_OBJC_ARC = YES;
				CLANG_ENABLE_OBJC_WEAK = YES;
				CLANG_WARN_BLOCK_CAPTURE_AUTORELEASING = YES;
				CLANG_WARN_BOOL_CONVERSION = YES;
				CLANG_WARN_COMMA = YES;
				CLANG_WARN_CONSTANT_CONVERSION = YES;
				CLANG_WARN_DEPRECATED_OBJC_IMPLEMENTATIONS = YES;
				CLANG_WARN_DIRECT_OBJC_ISA_USAGE = YES_ERROR;
				CLANG_WARN_DOCUMENTATION_COMMENTS = YES;
				CLANG_WARN_EMPTY_BODY = YES;
				CLANG_WARN_ENUM_CONVERSION = YES;
				CLANG_WARN_INFINITE_RECURSION = YES;
				CLANG_WARN_INT_CONVERSION = YES;
				CLANG_WARN_NON_LITERAL_NULL_CONVERSION = YES;
				CLANG_WARN_OBJC_IMPLICIT_RETAIN_SELF = YES;
				CLANG_WARN_OBJC_LITERAL_CONVERSION = YES;
				CLANG_WARN_OBJC_ROOT_CLASS = YES_ERROR;
				CLANG_WARN_QUOTED_INCLUDE_IN_FRAMEWORK_HEADER = YES;
				CLANG_WARN_RANGE_LOOP_ANALYSIS = YES;
				CLANG_WARN_STRICT_PROTOTYPES = YES;
				CLANG_WARN_SUSPICIOUS_MOVE = YES;
				CLANG_WARN_UNGUARDED_AVAILABILITY = YES_AGGRESSIVE;
				CLANG_WARN_UNREACHABLE_CODE = YES;
				CLANG_WARN__DUPLICATE_METHOD_MATCH = YES;
				CODE_SIGN_IDENTITY = "iPhone Developer";
				COPY_PHASE_STRIP = NO;
				CURRENT_PROJECT_VERSION = 1;
				DEBUG_INFORMATION_FORMAT = dwarf;
				ENABLE_STRICT_OBJC_MSGSEND = YES;
				ENABLE_TESTABILITY = YES;
				GCC_C_LANGUAGE_STANDARD = gnu11;
				GCC_DYNAMIC_NO_PIC = NO;
				GCC_NO_COMMON_BLOCKS = YES;
				GCC_OPTIMIZATION_LEVEL = 0;
				GCC_PREPROCESSOR_DEFINITIONS = (
					"DEBUG=1",
					"$(inherited)",
				);
				GCC_WARN_64_TO_32_BIT_CONVERSION = YES;
				GCC_WARN_ABOUT_RETURN_TYPE = YES_ERROR;
				GCC_WARN_UNDECLARED_SELECTOR = YES;
				GCC_WARN_UNINITIALIZED_AUTOS = YES_AGGRESSIVE;
				GCC_WARN_UNUSED_FUNCTION = YES;
				GCC_WARN_UNUSED_VARIABLE = YES;
				IPHONEOS_DEPLOYMENT_TARGET = 15.0;
				MTL_ENABLE_DEBUG_INFO = INCLUDE_SOURCE;
				MTL_FAST_MATH = YES;
				ONLY_ACTIVE_ARCH = YES;
				SDKROOT = iphoneos;
				SWIFT_ACTIVE_COMPILATION_CONDITIONS = DEBUG;
				SWIFT_OPTIMIZATION_LEVEL = "-Onone";
				SWIFT_VERSION = 5.0;
				VERSIONING_SYSTEM = "apple-generic";
				VERSION_INFO_PREFIX = "";
			};
			name = Debug;
		};
		D9971C6B22FD299A0077076C /* Release */ = {
			isa = XCBuildConfiguration;
			buildSettings = {
				ALWAYS_SEARCH_USER_PATHS = NO;
				CLANG_ANALYZER_NONNULL = YES;
				CLANG_ANALYZER_NUMBER_OBJECT_CONVERSION = YES_AGGRESSIVE;
				CLANG_CXX_LANGUAGE_STANDARD = "gnu++14";
				CLANG_CXX_LIBRARY = "libc++";
				CLANG_ENABLE_MODULES = YES;
				CLANG_ENABLE_OBJC_ARC = YES;
				CLANG_ENABLE_OBJC_WEAK = YES;
				CLANG_WARN_BLOCK_CAPTURE_AUTORELEASING = YES;
				CLANG_WARN_BOOL_CONVERSION = YES;
				CLANG_WARN_COMMA = YES;
				CLANG_WARN_CONSTANT_CONVERSION = YES;
				CLANG_WARN_DEPRECATED_OBJC_IMPLEMENTATIONS = YES;
				CLANG_WARN_DIRECT_OBJC_ISA_USAGE = YES_ERROR;
				CLANG_WARN_DOCUMENTATION_COMMENTS = YES;
				CLANG_WARN_EMPTY_BODY = YES;
				CLANG_WARN_ENUM_CONVERSION = YES;
				CLANG_WARN_INFINITE_RECURSION = YES;
				CLANG_WARN_INT_CONVERSION = YES;
				CLANG_WARN_NON_LITERAL_NULL_CONVERSION = YES;
				CLANG_WARN_OBJC_IMPLICIT_RETAIN_SELF = YES;
				CLANG_WARN_OBJC_LITERAL_CONVERSION = YES;
				CLANG_WARN_OBJC_ROOT_CLASS = YES_ERROR;
				CLANG_WARN_QUOTED_INCLUDE_IN_FRAMEWORK_HEADER = YES;
				CLANG_WARN_RANGE_LOOP_ANALYSIS = YES;
				CLANG_WARN_STRICT_PROTOTYPES = YES;
				CLANG_WARN_SUSPICIOUS_MOVE = YES;
				CLANG_WARN_UNGUARDED_AVAILABILITY = YES_AGGRESSIVE;
				CLANG_WARN_UNREACHABLE_CODE = YES;
				CLANG_WARN__DUPLICATE_METHOD_MATCH = YES;
				CODE_SIGN_IDENTITY = "iPhone Developer";
				COPY_PHASE_STRIP = NO;
				CURRENT_PROJECT_VERSION = 1;
				DEBUG_INFORMATION_FORMAT = "dwarf-with-dsym";
				ENABLE_NS_ASSERTIONS = NO;
				ENABLE_STRICT_OBJC_MSGSEND = YES;
				GCC_C_LANGUAGE_STANDARD = gnu11;
				GCC_NO_COMMON_BLOCKS = YES;
				GCC_WARN_64_TO_32_BIT_CONVERSION = YES;
				GCC_WARN_ABOUT_RETURN_TYPE = YES_ERROR;
				GCC_WARN_UNDECLARED_SELECTOR = YES;
				GCC_WARN_UNINITIALIZED_AUTOS = YES_AGGRESSIVE;
				GCC_WARN_UNUSED_FUNCTION = YES;
				GCC_WARN_UNUSED_VARIABLE = YES;
				IPHONEOS_DEPLOYMENT_TARGET = 15.0;
				MTL_ENABLE_DEBUG_INFO = NO;
				MTL_FAST_MATH = YES;
				SDKROOT = iphoneos;
				SWIFT_COMPILATION_MODE = wholemodule;
				SWIFT_OPTIMIZATION_LEVEL = "-O";
				SWIFT_VERSION = 5.0;
				VALIDATE_PRODUCT = YES;
				VERSIONING_SYSTEM = "apple-generic";
				VERSION_INFO_PREFIX = "";
			};
			name = Release;
		};
		D9971C7022FD299A0077076C /* Debug */ = {
			isa = XCBuildConfiguration;
			buildSettings = {
				ALWAYS_EMBED_SWIFT_STANDARD_LIBRARIES = YES;
				CODE_SIGN_STYLE = Automatic;
				DEVELOPMENT_TEAM = UU2W43R8JA;
				INFOPLIST_FILE = SudoApiClientTests/Info.plist;
				LD_RUNPATH_SEARCH_PATHS = (
					"$(inherited)",
					"@executable_path/Frameworks",
					"@loader_path/Frameworks",
				);
				PRODUCT_BUNDLE_IDENTIFIER = com.sudoplatform.SudoDirectoryClientTests;
				PRODUCT_NAME = "$(TARGET_NAME)";
				TARGETED_DEVICE_FAMILY = "1,2";
				TEST_HOST = "$(BUILT_PRODUCTS_DIR)/TestApp.app/TestApp";
			};
			name = Debug;
		};
		D9971C7122FD299A0077076C /* Release */ = {
			isa = XCBuildConfiguration;
			buildSettings = {
				ALWAYS_EMBED_SWIFT_STANDARD_LIBRARIES = YES;
				CODE_SIGN_STYLE = Automatic;
				DEVELOPMENT_TEAM = UU2W43R8JA;
				INFOPLIST_FILE = SudoApiClientTests/Info.plist;
				LD_RUNPATH_SEARCH_PATHS = (
					"$(inherited)",
					"@executable_path/Frameworks",
					"@loader_path/Frameworks",
				);
				PRODUCT_BUNDLE_IDENTIFIER = com.sudoplatform.SudoDirectoryClientTests;
				PRODUCT_NAME = "$(TARGET_NAME)";
				TARGETED_DEVICE_FAMILY = "1,2";
				TEST_HOST = "$(BUILT_PRODUCTS_DIR)/TestApp.app/TestApp";
			};
			name = Release;
		};
		D9F16E7422FD498E0055513F /* Debug */ = {
			isa = XCBuildConfiguration;
			buildSettings = {
				CODE_SIGN_STYLE = Automatic;
				DEVELOPMENT_TEAM = UU2W43R8JA;
				INFOPLIST_FILE = SudoApiClientIntegrationTests/Info.plist;
				LD_RUNPATH_SEARCH_PATHS = (
					"$(inherited)",
					"@executable_path/Frameworks",
					"@loader_path/Frameworks",
				);
				PRODUCT_BUNDLE_IDENTIFIER = com.sudoplatform.SudoDirectoryClientIntegrationTests;
				PRODUCT_NAME = "$(TARGET_NAME)";
				TARGETED_DEVICE_FAMILY = "1,2";
				TEST_HOST = "$(BUILT_PRODUCTS_DIR)/TestApp.app/$(BUNDLE_EXECUTABLE_FOLDER_PATH)/TestApp";
			};
			name = Debug;
		};
		D9F16E7522FD498E0055513F /* Release */ = {
			isa = XCBuildConfiguration;
			buildSettings = {
				CODE_SIGN_STYLE = Automatic;
				DEVELOPMENT_TEAM = UU2W43R8JA;
				INFOPLIST_FILE = SudoApiClientIntegrationTests/Info.plist;
				LD_RUNPATH_SEARCH_PATHS = (
					"$(inherited)",
					"@executable_path/Frameworks",
					"@loader_path/Frameworks",
				);
				PRODUCT_BUNDLE_IDENTIFIER = com.sudoplatform.SudoDirectoryClientIntegrationTests;
				PRODUCT_NAME = "$(TARGET_NAME)";
				TARGETED_DEVICE_FAMILY = "1,2";
				TEST_HOST = "$(BUILT_PRODUCTS_DIR)/TestApp.app/$(BUNDLE_EXECUTABLE_FOLDER_PATH)/TestApp";
			};
			name = Release;
		};
/* End XCBuildConfiguration section */

/* Begin XCConfigurationList section */
		D931C7C52342D22800932612 /* Build configuration list for PBXNativeTarget "TestApp" */ = {
			isa = XCConfigurationList;
			buildConfigurations = (
				D931C7C62342D22800932612 /* Debug */,
				D931C7C72342D22800932612 /* Release */,
			);
			defaultConfigurationIsVisible = 0;
			defaultConfigurationName = Release;
		};
		D9971C5222FD299A0077076C /* Build configuration list for PBXProject "SudoApiClient" */ = {
			isa = XCConfigurationList;
			buildConfigurations = (
				D9971C6A22FD299A0077076C /* Debug */,
				D9971C6B22FD299A0077076C /* Release */,
			);
			defaultConfigurationIsVisible = 0;
			defaultConfigurationName = Release;
		};
		D9971C6F22FD299A0077076C /* Build configuration list for PBXNativeTarget "SudoApiClientTests" */ = {
			isa = XCConfigurationList;
			buildConfigurations = (
				D9971C7022FD299A0077076C /* Debug */,
				D9971C7122FD299A0077076C /* Release */,
			);
			defaultConfigurationIsVisible = 0;
			defaultConfigurationName = Release;
		};
		D9F16E7322FD498E0055513F /* Build configuration list for PBXNativeTarget "SudoApiClientIntegrationTests" */ = {
			isa = XCConfigurationList;
			buildConfigurations = (
				D9F16E7422FD498E0055513F /* Debug */,
				D9F16E7522FD498E0055513F /* Release */,
			);
			defaultConfigurationIsVisible = 0;
			defaultConfigurationName = Release;
		};
/* End XCConfigurationList section */

/* Begin XCSwiftPackageProductDependency section */
		E2BF3E312D08E3AD00011739 /* SudoApiClient */ = {
			isa = XCSwiftPackageProductDependency;
			productName = SudoApiClient;
		};
		E2BF3E332D08E3B100011739 /* SudoApiClient */ = {
			isa = XCSwiftPackageProductDependency;
			productName = SudoApiClient;
		};
/* End XCSwiftPackageProductDependency section */
	};
	rootObject = D9971C4F22FD299A0077076C /* Project object */;
}
